
Microsoft Visual Studio Solution File, Format Version 12.00
# Visual Studio Version 16
VisualStudioVersion = 16.0.31727.386
MinimumVisualStudioVersion = 10.0.40219.1
Project("{2150E333-8FDC-42A3-9474-1A3956D46DE8}") = "Consumer", "Consumer", "{F724B884-FC83-438B-AC99-FFC9355CC96B}"
EndProject
Project("{2150E333-8FDC-42A3-9474-1A3956D46DE8}") = "src", "src", "{6176833F-5BB6-457A-8F65-C56180525311}"
EndProject
Project("{9A19103F-16F7-4668-BE54-9A1E7A4F7556}") = "Consumer", "Consumer\Consumer.csproj", "{2D30BECF-3B48-401B-AFCF-4C9107534825}"
EndProject
Project("{2150E333-8FDC-42A3-9474-1A3956D46DE8}") = "Producer", "Producer", "{A2B0D7EF-927F-4A05-80C9-61BDFAD78BEE}"
EndProject
Project("{2150E333-8FDC-42A3-9474-1A3956D46DE8}") = "src", "src", "{94D072F8-9C85-4F43-815A-19A4992CC2BA}"
EndProject
Project("{9A19103F-16F7-4668-BE54-9A1E7A4F7556}") = "Producer", "Producer\Producer.csproj", "{2BD81F23-45D7-43BE-A291-C9E74D91762A}"
EndProject
Project("{2150E333-8FDC-42A3-9474-1A3956D46DE8}") = "docker-compose", "docker-compose", "{D910090F-FDA0-4CBF-B9FA-E08A267DB487}"
	ProjectSection(SolutionItems) = preProject
		docker-compose.yml = docker-compose.yml
	EndProjectSection
EndProject
Project("{2150E333-8FDC-42A3-9474-1A3956D46DE8}") = "Solution Items", "Solution Items", "{385653B0-1700-4761-9931-C4C4CDC9D693}"
	ProjectSection(SolutionItems) = preProject
		.env = .env
	EndProjectSection
EndProject
Global
	GlobalSection(SolutionConfigurationPlatforms) = preSolution
		Debug|Any CPU = Debug|Any CPU
		Release|Any CPU = Release|Any CPU
	EndGlobalSection
	GlobalSection(ProjectConfigurationPlatforms) = postSolution
		{2D30BECF-3B48-401B-AFCF-4C9107534825}.Debug|Any CPU.ActiveCfg = Debug|Any CPU
		{2D30BECF-3B48-401B-AFCF-4C9107534825}.Debug|Any CPU.Build.0 = Debug|Any CPU
		{2D30BECF-3B48-401B-AFCF-4C9107534825}.Release|Any CPU.ActiveCfg = Release|Any CPU
		{2D30BECF-3B48-401B-AFCF-4C9107534825}.Release|Any CPU.Build.0 = Release|Any CPU
		{2BD81F23-45D7-43BE-A291-C9E74D91762A}.Debug|Any CPU.ActiveCfg = Debug|Any CPU
		{2BD81F23-45D7-43BE-A291-C9E74D91762A}.Debug|Any CPU.Build.0 = Debug|Any CPU
		{2BD81F23-45D7-43BE-A291-C9E74D91762A}.Release|Any CPU.ActiveCfg = Release|Any CPU
		{2BD81F23-45D7-43BE-A291-C9E74D91762A}.Release|Any CPU.Build.0 = Release|Any CPU
	EndGlobalSection
	GlobalSection(SolutionProperties) = preSolution
		HideSolutionNode = FALSE
	EndGlobalSection
	GlobalSection(NestedProjects) = preSolution
		{6176833F-5BB6-457A-8F65-C56180525311} = {F724B884-FC83-438B-AC99-FFC9355CC96B}
		{2D30BECF-3B48-401B-AFCF-4C9107534825} = {6176833F-5BB6-457A-8F65-C56180525311}
		{94D072F8-9C85-4F43-815A-19A4992CC2BA} = {A2B0D7EF-927F-4A05-80C9-61BDFAD78BEE}
		{2BD81F23-45D7-43BE-A291-C9E74D91762A} = {94D072F8-9C85-4F43-815A-19A4992CC2BA}
	EndGlobalSection
	GlobalSection(ExtensibilityGlobals) = postSolution
		SolutionGuid = {AAAD8D90-1B5D-483C-B556-F2189B1D9244}
	EndGlobalSection
EndGlobal
